
Microsoft Visual Studio Solution File, Format Version 12.00
# Visual Studio Version 17
VisualStudioVersion = 17.6.33723.286
MinimumVisualStudioVersion = 10.0.40219.1
Project("{FAE04EC0-301F-11D3-BF4B-00C04F79EFBC}") = "ReverseStrings", "ReverseStrings\ReverseStrings.csproj", "{78CAE1BA-7D9C-4D67-9D00-0C91BE83C0E6}"
EndProject
Project("{FAE04EC0-301F-11D3-BF4B-00C04F79EFBC}") = "RepeatStrings", "RepeatStrings\RepeatStrings.csproj", "{ED56DBD3-74A8-4002-A991-BC8B121C0163}"
EndProject
Project("{FAE04EC0-301F-11D3-BF4B-00C04F79EFBC}") = "Substring", "Substring\Substring.csproj", "{9B4B33CF-77C6-4BF2-ADBE-551AC013AF6D}"
EndProject
Project("{FAE04EC0-301F-11D3-BF4B-00C04F79EFBC}") = "TextFilter", "TextFilter\TextFilter.csproj", "{05D43F90-1751-4BBA-94BD-A05CF85C77C3}"
EndProject
Project("{FAE04EC0-301F-11D3-BF4B-00C04F79EFBC}") = "DigitsLettersAndOther", "DigitsLettersAndOther\DigitsLettersAndOther.csproj", "{1798F0A1-949C-4DDB-B2DF-F79710EB5E48}"
EndProject
Global
	GlobalSection(SolutionConfigurationPlatforms) = preSolution
		Debug|Any CPU = Debug|Any CPU
		Release|Any CPU = Release|Any CPU
	EndGlobalSection
	GlobalSection(ProjectConfigurationPlatforms) = postSolution
		{78CAE1BA-7D9C-4D67-9D00-0C91BE83C0E6}.Debug|Any CPU.ActiveCfg = Debug|Any CPU
		{78CAE1BA-7D9C-4D67-9D00-0C91BE83C0E6}.Debug|Any CPU.Build.0 = Debug|Any CPU
		{78CAE1BA-7D9C-4D67-9D00-0C91BE83C0E6}.Release|Any CPU.ActiveCfg = Release|Any CPU
		{78CAE1BA-7D9C-4D67-9D00-0C91BE83C0E6}.Release|Any CPU.Build.0 = Release|Any CPU
		{ED56DBD3-74A8-4002-A991-BC8B121C0163}.Debug|Any CPU.ActiveCfg = Debug|Any CPU
		{ED56DBD3-74A8-4002-A991-BC8B121C0163}.Debug|Any CPU.Build.0 = Debug|Any CPU
		{ED56DBD3-74A8-4002-A991-BC8B121C0163}.Release|Any CPU.ActiveCfg = Release|Any CPU
		{ED56DBD3-74A8-4002-A991-BC8B121C0163}.Release|Any CPU.Build.0 = Release|Any CPU
		{9B4B33CF-77C6-4BF2-ADBE-551AC013AF6D}.Debug|Any CPU.ActiveCfg = Debug|Any CPU
		{9B4B33CF-77C6-4BF2-ADBE-551AC013AF6D}.Debug|Any CPU.Build.0 = Debug|Any CPU
		{9B4B33CF-77C6-4BF2-ADBE-551AC013AF6D}.Release|Any CPU.ActiveCfg = Release|Any CPU
		{9B4B33CF-77C6-4BF2-ADBE-551AC013AF6D}.Release|Any CPU.Build.0 = Release|Any CPU
		{05D43F90-1751-4BBA-94BD-A05CF85C77C3}.Debug|Any CPU.ActiveCfg = Debug|Any CPU
		{05D43F90-1751-4BBA-94BD-A05CF85C77C3}.Debug|Any CPU.Build.0 = Debug|Any CPU
		{05D43F90-1751-4BBA-94BD-A05CF85C77C3}.Release|Any CPU.ActiveCfg = Release|Any CPU
		{05D43F90-1751-4BBA-94BD-A05CF85C77C3}.Release|Any CPU.Build.0 = Release|Any CPU
		{1798F0A1-949C-4DDB-B2DF-F79710EB5E48}.Debug|Any CPU.ActiveCfg = Debug|Any CPU
		{1798F0A1-949C-4DDB-B2DF-F79710EB5E48}.Debug|Any CPU.Build.0 = Debug|Any CPU
		{1798F0A1-949C-4DDB-B2DF-F79710EB5E48}.Release|Any CPU.ActiveCfg = Release|Any CPU
		{1798F0A1-949C-4DDB-B2DF-F79710EB5E48}.Release|Any CPU.Build.0 = Release|Any CPU
	EndGlobalSection
	GlobalSection(SolutionProperties) = preSolution
		HideSolutionNode = FALSE
	EndGlobalSection
	GlobalSection(ExtensibilityGlobals) = postSolution
		SolutionGuid = {5BAA2347-0B9D-4C21-818A-CB884AEB722E}
	EndGlobalSection
EndGlobal
