
Microsoft Visual Studio Solution File, Format Version 12.00
# Visual Studio Version 17
VisualStudioVersion = 17.6.33723.286
MinimumVisualStudioVersion = 10.0.40219.1
Project("{FAE04EC0-301F-11D3-BF4B-00C04F79EFBC}") = "AdvertisementMessage", "AdvertisementMessage\AdvertisementMessage.csproj", "{8FF750C3-FC36-44A8-8940-83BD2A7DF1F8}"
EndProject
Project("{FAE04EC0-301F-11D3-BF4B-00C04F79EFBC}") = "Articles", "Articles\Articles.csproj", "{716851F8-3602-4FC4-9017-709C9F8FB00B}"
EndProject
Project("{FAE04EC0-301F-11D3-BF4B-00C04F79EFBC}") = "Articles2.0", "Articles2.0\Articles2.0.csproj", "{3E856423-6874-4BF4-82A0-E3B5F4DA6235}"
EndProject
Project("{FAE04EC0-301F-11D3-BF4B-00C04F79EFBC}") = "Students", "Students\Students.csproj", "{6FCC0A8D-3597-4BC3-A094-8FCAE54FD4B0}"
EndProject
Project("{FAE04EC0-301F-11D3-BF4B-00C04F79EFBC}") = "TeamworkProjects", "TeamworkProjects\TeamworkProjects.csproj", "{E99B4673-5B29-483D-BF9A-200135BC3C1B}"
EndProject
Project("{FAE04EC0-301F-11D3-BF4B-00C04F79EFBC}") = "VehicleCatalogue", "VehicleCatalogue\VehicleCatalogue.csproj", "{4DFCE2A0-C0AF-4F6A-831C-9C6D24B6E3FE}"
EndProject
Project("{FAE04EC0-301F-11D3-BF4B-00C04F79EFBC}") = "OrderByAge", "OrderByAge\OrderByAge.csproj", "{BE15D783-27CD-4C76-B24B-E1FAAB2EF9B4}"
EndProject
Global
	GlobalSection(SolutionConfigurationPlatforms) = preSolution
		Debug|Any CPU = Debug|Any CPU
		Release|Any CPU = Release|Any CPU
	EndGlobalSection
	GlobalSection(ProjectConfigurationPlatforms) = postSolution
		{8FF750C3-FC36-44A8-8940-83BD2A7DF1F8}.Debug|Any CPU.ActiveCfg = Debug|Any CPU
		{8FF750C3-FC36-44A8-8940-83BD2A7DF1F8}.Debug|Any CPU.Build.0 = Debug|Any CPU
		{8FF750C3-FC36-44A8-8940-83BD2A7DF1F8}.Release|Any CPU.ActiveCfg = Release|Any CPU
		{8FF750C3-FC36-44A8-8940-83BD2A7DF1F8}.Release|Any CPU.Build.0 = Release|Any CPU
		{716851F8-3602-4FC4-9017-709C9F8FB00B}.Debug|Any CPU.ActiveCfg = Debug|Any CPU
		{716851F8-3602-4FC4-9017-709C9F8FB00B}.Debug|Any CPU.Build.0 = Debug|Any CPU
		{716851F8-3602-4FC4-9017-709C9F8FB00B}.Release|Any CPU.ActiveCfg = Release|Any CPU
		{716851F8-3602-4FC4-9017-709C9F8FB00B}.Release|Any CPU.Build.0 = Release|Any CPU
		{3E856423-6874-4BF4-82A0-E3B5F4DA6235}.Debug|Any CPU.ActiveCfg = Debug|Any CPU
		{3E856423-6874-4BF4-82A0-E3B5F4DA6235}.Debug|Any CPU.Build.0 = Debug|Any CPU
		{3E856423-6874-4BF4-82A0-E3B5F4DA6235}.Release|Any CPU.ActiveCfg = Release|Any CPU
		{3E856423-6874-4BF4-82A0-E3B5F4DA6235}.Release|Any CPU.Build.0 = Release|Any CPU
		{6FCC0A8D-3597-4BC3-A094-8FCAE54FD4B0}.Debug|Any CPU.ActiveCfg = Debug|Any CPU
		{6FCC0A8D-3597-4BC3-A094-8FCAE54FD4B0}.Debug|Any CPU.Build.0 = Debug|Any CPU
		{6FCC0A8D-3597-4BC3-A094-8FCAE54FD4B0}.Release|Any CPU.ActiveCfg = Release|Any CPU
		{6FCC0A8D-3597-4BC3-A094-8FCAE54FD4B0}.Release|Any CPU.Build.0 = Release|Any CPU
		{E99B4673-5B29-483D-BF9A-200135BC3C1B}.Debug|Any CPU.ActiveCfg = Debug|Any CPU
		{E99B4673-5B29-483D-BF9A-200135BC3C1B}.Debug|Any CPU.Build.0 = Debug|Any CPU
		{E99B4673-5B29-483D-BF9A-200135BC3C1B}.Release|Any CPU.ActiveCfg = Release|Any CPU
		{E99B4673-5B29-483D-BF9A-200135BC3C1B}.Release|Any CPU.Build.0 = Release|Any CPU
		{4DFCE2A0-C0AF-4F6A-831C-9C6D24B6E3FE}.Debug|Any CPU.ActiveCfg = Debug|Any CPU
		{4DFCE2A0-C0AF-4F6A-831C-9C6D24B6E3FE}.Debug|Any CPU.Build.0 = Debug|Any CPU
		{4DFCE2A0-C0AF-4F6A-831C-9C6D24B6E3FE}.Release|Any CPU.ActiveCfg = Release|Any CPU
		{4DFCE2A0-C0AF-4F6A-831C-9C6D24B6E3FE}.Release|Any CPU.Build.0 = Release|Any CPU
		{BE15D783-27CD-4C76-B24B-E1FAAB2EF9B4}.Debug|Any CPU.ActiveCfg = Debug|Any CPU
		{BE15D783-27CD-4C76-B24B-E1FAAB2EF9B4}.Debug|Any CPU.Build.0 = Debug|Any CPU
		{BE15D783-27CD-4C76-B24B-E1FAAB2EF9B4}.Release|Any CPU.ActiveCfg = Release|Any CPU
		{BE15D783-27CD-4C76-B24B-E1FAAB2EF9B4}.Release|Any CPU.Build.0 = Release|Any CPU
	EndGlobalSection
	GlobalSection(SolutionProperties) = preSolution
		HideSolutionNode = FALSE
	EndGlobalSection
	GlobalSection(ExtensibilityGlobals) = postSolution
		SolutionGuid = {6AC4B31F-CC12-4D6A-AC51-B30E719E7B19}
	EndGlobalSection
EndGlobal
