
Microsoft Visual Studio Solution File, Format Version 12.00
# Visual Studio Version 17
VisualStudioVersion = 17.6.33723.286
MinimumVisualStudioVersion = 10.0.40219.1
Project("{FAE04EC0-301F-11D3-BF4B-00C04F79EFBC}") = "TheBiscuitFactory", "TheBiscuitFactory\TheBiscuitFactory.csproj", "{CDDEE3BC-6991-468C-950E-F1065713830B}"
EndProject
Project("{FAE04EC0-301F-11D3-BF4B-00C04F79EFBC}") = "SpaceTravel", "SpaceTravel\SpaceTravel.csproj", "{3272C313-97C0-40EC-8AB0-1C71E8AF3C65}"
EndProject
Project("{FAE04EC0-301F-11D3-BF4B-00C04F79EFBC}") = "DeckOfCards", "DeckOfCards\DeckOfCards.csproj", "{8309EE7B-BCDD-430F-B502-4676EDD9AC84}"
EndProject
Project("{FAE04EC0-301F-11D3-BF4B-00C04F79EFBC}") = "DeckOfCard", "DeckOfCard\DeckOfCard.csproj", "{221FD9C7-49F2-49F8-A447-3E99D7239380}"
EndProject
Global
	GlobalSection(SolutionConfigurationPlatforms) = preSolution
		Debug|Any CPU = Debug|Any CPU
		Release|Any CPU = Release|Any CPU
	EndGlobalSection
	GlobalSection(ProjectConfigurationPlatforms) = postSolution
		{CDDEE3BC-6991-468C-950E-F1065713830B}.Debug|Any CPU.ActiveCfg = Debug|Any CPU
		{CDDEE3BC-6991-468C-950E-F1065713830B}.Debug|Any CPU.Build.0 = Debug|Any CPU
		{CDDEE3BC-6991-468C-950E-F1065713830B}.Release|Any CPU.ActiveCfg = Release|Any CPU
		{CDDEE3BC-6991-468C-950E-F1065713830B}.Release|Any CPU.Build.0 = Release|Any CPU
		{3272C313-97C0-40EC-8AB0-1C71E8AF3C65}.Debug|Any CPU.ActiveCfg = Debug|Any CPU
		{3272C313-97C0-40EC-8AB0-1C71E8AF3C65}.Debug|Any CPU.Build.0 = Debug|Any CPU
		{3272C313-97C0-40EC-8AB0-1C71E8AF3C65}.Release|Any CPU.ActiveCfg = Release|Any CPU
		{3272C313-97C0-40EC-8AB0-1C71E8AF3C65}.Release|Any CPU.Build.0 = Release|Any CPU
		{8309EE7B-BCDD-430F-B502-4676EDD9AC84}.Debug|Any CPU.ActiveCfg = Debug|Any CPU
		{8309EE7B-BCDD-430F-B502-4676EDD9AC84}.Debug|Any CPU.Build.0 = Debug|Any CPU
		{8309EE7B-BCDD-430F-B502-4676EDD9AC84}.Release|Any CPU.ActiveCfg = Release|Any CPU
		{8309EE7B-BCDD-430F-B502-4676EDD9AC84}.Release|Any CPU.Build.0 = Release|Any CPU
		{221FD9C7-49F2-49F8-A447-3E99D7239380}.Debug|Any CPU.ActiveCfg = Debug|Any CPU
		{221FD9C7-49F2-49F8-A447-3E99D7239380}.Debug|Any CPU.Build.0 = Debug|Any CPU
		{221FD9C7-49F2-49F8-A447-3E99D7239380}.Release|Any CPU.ActiveCfg = Release|Any CPU
		{221FD9C7-49F2-49F8-A447-3E99D7239380}.Release|Any CPU.Build.0 = Release|Any CPU
	EndGlobalSection
	GlobalSection(SolutionProperties) = preSolution
		HideSolutionNode = FALSE
	EndGlobalSection
	GlobalSection(ExtensibilityGlobals) = postSolution
		SolutionGuid = {D0DB8AA8-7B3A-417B-8AD9-E5C110338693}
	EndGlobalSection
EndGlobal
