
Microsoft Visual Studio Solution File, Format Version 12.00
# Visual Studio Version 17
VisualStudioVersion = 17.8.34316.72
MinimumVisualStudioVersion = 10.0.40219.1
Project("{FAE04EC0-301F-11D3-BF4B-00C04F79EFBC}") = "StringGame", "StringGame\StringGame.csproj", "{B0A594A7-4569-464E-934D-7E6EA59B4EF2}"
EndProject
Project("{FAE04EC0-301F-11D3-BF4B-00C04F79EFBC}") = "HeroRecruitment", "HeroRecruitment\HeroRecruitment.csproj", "{D62900F2-2A06-4DF9-922F-3FBF8FE6CDF1}"
EndProject
Project("{FAE04EC0-301F-11D3-BF4B-00C04F79EFBC}") = "MessageTranslator", "MessageTranslator\MessageTranslator.csproj", "{D22CF0F1-7AF4-4102-A601-5AD76AA42CA1}"
EndProject
Global
	GlobalSection(SolutionConfigurationPlatforms) = preSolution
		Debug|Any CPU = Debug|Any CPU
		Release|Any CPU = Release|Any CPU
	EndGlobalSection
	GlobalSection(ProjectConfigurationPlatforms) = postSolution
		{B0A594A7-4569-464E-934D-7E6EA59B4EF2}.Debug|Any CPU.ActiveCfg = Debug|Any CPU
		{B0A594A7-4569-464E-934D-7E6EA59B4EF2}.Debug|Any CPU.Build.0 = Debug|Any CPU
		{B0A594A7-4569-464E-934D-7E6EA59B4EF2}.Release|Any CPU.ActiveCfg = Release|Any CPU
		{B0A594A7-4569-464E-934D-7E6EA59B4EF2}.Release|Any CPU.Build.0 = Release|Any CPU
		{D62900F2-2A06-4DF9-922F-3FBF8FE6CDF1}.Debug|Any CPU.ActiveCfg = Debug|Any CPU
		{D62900F2-2A06-4DF9-922F-3FBF8FE6CDF1}.Debug|Any CPU.Build.0 = Debug|Any CPU
		{D62900F2-2A06-4DF9-922F-3FBF8FE6CDF1}.Release|Any CPU.ActiveCfg = Release|Any CPU
		{D62900F2-2A06-4DF9-922F-3FBF8FE6CDF1}.Release|Any CPU.Build.0 = Release|Any CPU
		{D22CF0F1-7AF4-4102-A601-5AD76AA42CA1}.Debug|Any CPU.ActiveCfg = Debug|Any CPU
		{D22CF0F1-7AF4-4102-A601-5AD76AA42CA1}.Debug|Any CPU.Build.0 = Debug|Any CPU
		{D22CF0F1-7AF4-4102-A601-5AD76AA42CA1}.Release|Any CPU.ActiveCfg = Release|Any CPU
		{D22CF0F1-7AF4-4102-A601-5AD76AA42CA1}.Release|Any CPU.Build.0 = Release|Any CPU
	EndGlobalSection
	GlobalSection(SolutionProperties) = preSolution
		HideSolutionNode = FALSE
	EndGlobalSection
	GlobalSection(ExtensibilityGlobals) = postSolution
		SolutionGuid = {7D9E0FDA-7BDD-4CDA-85C8-C83FDA1F0D5B}
	EndGlobalSection
EndGlobal
